
Microsoft Visual Studio Solution File, Format Version 12.00
# Visual Studio Version 17
VisualStudioVersion = 17.5.33414.496
MinimumVisualStudioVersion = 10.0.40219.1
Project("{9A19103F-16F7-4668-BE54-9A1E7A4F7556}") = "MM2Randomizer", "MM2Randomizer.csproj", "{7C4F4889-4BA9-4B20-AABE-357AF8F53A68}"
EndProject
Global
	GlobalSection(SolutionConfigurationPlatforms) = preSolution
		Debug|Any CPU = Debug|Any CPU
		Release|Any CPU = Release|Any CPU
	EndGlobalSection
	GlobalSection(ProjectConfigurationPlatforms) = postSolution
		{7C4F4889-4BA9-4B20-AABE-357AF8F53A68}.Debug|Any CPU.ActiveCfg = Debug|Any CPU
		{7C4F4889-4BA9-4B20-AABE-357AF8F53A68}.Debug|Any CPU.Build.0 = Debug|Any CPU
		{7C4F4889-4BA9-4B20-AABE-357AF8F53A68}.Release|Any CPU.ActiveCfg = Release|Any CPU
		{7C4F4889-4BA9-4B20-AABE-357AF8F53A68}.Release|Any CPU.Build.0 = Release|Any CPU
	EndGlobalSection
	GlobalSection(SolutionProperties) = preSolution
		HideSolutionNode = FALSE
	EndGlobalSection
	GlobalSection(ExtensibilityGlobals) = postSolution
		SolutionGuid = {DDE0F7C9-1C88-4E3C-82CA-2A1130626A46}
	EndGlobalSection
EndGlobal
